
Microsoft Visual Studio Solution File, Format Version 12.00
# Visual Studio Version 17
VisualStudioVersion = 17.13.35931.197 d17.13
MinimumVisualStudioVersion = 10.0.40219.1
Project("{FAE04EC0-301F-11D3-BF4B-00C04F79EFBC}") = "Sim900A_2", "Sim900A_2.csproj", "{3EE04334-B043-4E09-88BE-FB9297249C2D}"
EndProject
Global
	GlobalSection(SolutionConfigurationPlatforms) = preSolution
		Debug|Any CPU = Debug|Any CPU
		Release|Any CPU = Release|Any CPU
	EndGlobalSection
	GlobalSection(ProjectConfigurationPlatforms) = postSolution
		{3EE04334-B043-4E09-88BE-FB9297249C2D}.Debug|Any CPU.ActiveCfg = Debug|Any CPU
		{3EE04334-B043-4E09-88BE-FB9297249C2D}.Debug|Any CPU.Build.0 = Debug|Any CPU
		{3EE04334-B043-4E09-88BE-FB9297249C2D}.Release|Any CPU.ActiveCfg = Release|Any CPU
		{3EE04334-B043-4E09-88BE-FB9297249C2D}.Release|Any CPU.Build.0 = Release|Any CPU
	EndGlobalSection
	GlobalSection(SolutionProperties) = preSolution
		HideSolutionNode = FALSE
	EndGlobalSection
	GlobalSection(ExtensibilityGlobals) = postSolution
		SolutionGuid = {88ECCED3-C416-40B0-8277-8F771DD075DE}
	EndGlobalSection
EndGlobal
